
Microsoft Visual Studio Solution File, Format Version 12.00
# Visual Studio Version 17
VisualStudioVersion = 17.11.35312.102
MinimumVisualStudioVersion = 10.0.40219.1
Project("{2150E333-8FDC-42A3-9474-1A3956D46DE8}") = "Task0", "Task0", "{52E4CB0A-2EA2-4CE2-AECE-B68D193EE3CE}"
EndProject
Project("{9A19103F-16F7-4668-BE54-9A1E7A4F7556}") = "Tyuiu.GairabekovMR.Sprint0.Task0.V0", "Tyuiu.GairabekovMR.Sprint0.Task0.V0\Tyuiu.GairabekovMR.Sprint0.Task0.V0.csproj", "{8C256FD8-8A72-4AE8-A65C-38BA07A36AEA}"
EndProject
Project("{2150E333-8FDC-42A3-9474-1A3956D46DE8}") = "Task1", "Task1", "{47CC048E-D3CD-4519-AB8B-5852CFB1CEBC}"
EndProject
Project("{9A19103F-16F7-4668-BE54-9A1E7A4F7556}") = "Tyuiu.GairabekovMR.Task1.V0", "Tyuiu.GairabekovMR.Task1.V0\Tyuiu.GairabekovMR.Task1.V0.csproj", "{C7C1CD47-AF2B-406D-B232-DB06BC64977F}"
EndProject
Project("{2150E333-8FDC-42A3-9474-1A3956D46DE8}") = "Task2", "Task2", "{8CBA0D48-0480-4C9A-9882-6204928C7567}"
EndProject
Project("{9A19103F-16F7-4668-BE54-9A1E7A4F7556}") = "Tyuiu.GairabekovMR.Sprint0.Task2.V0", "Tyuiu.GairabekovMR.Sprint0.Task2.V0\Tyuiu.GairabekovMR.Sprint0.Task2.V0.csproj", "{FEE2A3C0-CAD5-4FEC-AEE0-27DA9C5CB734}"
EndProject
Project("{9A19103F-16F7-4668-BE54-9A1E7A4F7556}") = "Tyuiu.GairabekovMR.Sprint0.Task2.V0.Lib", "Tyuiu.GairabekovMR.Sprint0.Task2.V0.Lib\Tyuiu.GairabekovMR.Sprint0.Task2.V0.Lib.csproj", "{574406DC-9EEB-43CA-BEEF-AEFC400CC4FD}"
EndProject
Project("{9A19103F-16F7-4668-BE54-9A1E7A4F7556}") = "Tyuiu.GairabekovMR.Sprint0.Task2.V0.Test", "Tyuiu.GairabekovMR.Sprint0.Task2.V0.Test\Tyuiu.GairabekovMR.Sprint0.Task2.V0.Test.csproj", "{D0BC7128-B118-48DD-ADE2-4A840564AC4A}"
EndProject
Project("{2150E333-8FDC-42A3-9474-1A3956D46DE8}") = "Task3", "Task3", "{FFA571F2-C1B5-48D2-9D64-E018B75C738A}"
EndProject
Project("{9A19103F-16F7-4668-BE54-9A1E7A4F7556}") = "Tyuiu.GairabekovMR.Sprint0.Task3.V0", "Tyuiu.GairabekovMR.Sprint0.Task3.V0\Tyuiu.GairabekovMR.Sprint0.Task3.V0.csproj", "{0C064DEE-24D2-4387-ACAD-B2B1064ACDCD}"
EndProject
Project("{9A19103F-16F7-4668-BE54-9A1E7A4F7556}") = "Tyuiu.GairabekovMR.Sprint0.Task3.V0.Lib", "Tyuiu.GairabekovMR.Sprint0.Task3.V0.Lib\Tyuiu.GairabekovMR.Sprint0.Task3.V0.Lib.csproj", "{EDD53080-1D63-4785-9909-33806F7B25DB}"
EndProject
Project("{9A19103F-16F7-4668-BE54-9A1E7A4F7556}") = "Tyuiu.GairabekovMR.Sprint0.Task3.V0.Test", "Tyuiu.GairabekovMR.Sprint0.Task3.V0.Test\Tyuiu.GairabekovMR.Sprint0.Task3.V0.Test.csproj", "{EC883F11-ED3D-4ADA-B89E-1A517512A5C5}"
EndProject
Project("{2150E333-8FDC-42A3-9474-1A3956D46DE8}") = "Task4", "Task4", "{0950DEA9-1219-4F72-AFAA-FBCF964A4EB2}"
EndProject
Project("{9A19103F-16F7-4668-BE54-9A1E7A4F7556}") = "Tyuiu.GairabekovMR.Sprint0.Task4.V0", "Tyuiu.GairabekovMR.Sprint0.Task4.V0\Tyuiu.GairabekovMR.Sprint0.Task4.V0.csproj", "{E0AB9776-7127-45FC-AE77-4E1A9A18F8C0}"
EndProject
Project("{9A19103F-16F7-4668-BE54-9A1E7A4F7556}") = "Tyuiu.GairabekovMR.Sprint0.Task4.V0.Lib", "Tyuiu.GairabekovMR.Sprint0.Task4.V0.Lib\Tyuiu.GairabekovMR.Sprint0.Task4.V0.Lib.csproj", "{3C34E28F-B9BA-4ED4-99D2-7C7946FA0736}"
EndProject
Project("{9A19103F-16F7-4668-BE54-9A1E7A4F7556}") = "Tyuiu.GairabekovMR.Sprint0.Task4.V0.Test", "Tyuiu.GairabekovMR.Sprint0.Task4.V0.Test\Tyuiu.GairabekovMR.Sprint0.Task4.V0.Test.csproj", "{C5ADBFF4-8BA5-4A01-A333-EA482BC07F1D}"
EndProject
Project("{2150E333-8FDC-42A3-9474-1A3956D46DE8}") = "Task5", "Task5", "{DE7A7180-81F5-41D6-AA9F-1C5E4F5A730F}"
EndProject
Project("{9A19103F-16F7-4668-BE54-9A1E7A4F7556}") = "Tyuiu.GairabekovMR.Sprint0.Task5.V0", "Tyuiu.GairabekovMR.Sprint0.Task5.V0\Tyuiu.GairabekovMR.Sprint0.Task5.V0.csproj", "{B0754540-F4FC-42A7-8F9B-0E78FA272CA1}"
EndProject
Project("{9A19103F-16F7-4668-BE54-9A1E7A4F7556}") = "Tyuiu.GairabekovMR.Sprint0.Task5.V0.Lib", "Tyuiu.GairabekovMR.Sprint0.Task5.V0.Lib\Tyuiu.GairabekovMR.Sprint0.Task5.V0.Lib.csproj", "{5EBAB762-75B7-4E99-8FF9-9E0737FAE615}"
EndProject
Project("{9A19103F-16F7-4668-BE54-9A1E7A4F7556}") = "Tyuiu.GairabekovMR.Sprint0.Task5.V0.Test", "Tyuiu.GairabekovMR.Sprint0.Task5.V0.Test\Tyuiu.GairabekovMR.Sprint0.Task5.V0.Test.csproj", "{2C827F79-B003-4745-9CD0-414F4B9E2141}"
EndProject
Project("{2150E333-8FDC-42A3-9474-1A3956D46DE8}") = "Task6", "Task6", "{52332E8E-F2F6-40F4-9343-A8BC3B848E4E}"
EndProject
Project("{9A19103F-16F7-4668-BE54-9A1E7A4F7556}") = "Tyuiu.GairabekovMR.Sprint0.Task6.V0", "Tyuiu.GairabekovMR.Sprint0.Task6.V0\Tyuiu.GairabekovMR.Sprint0.Task6.V0.csproj", "{B6A38356-F357-43CB-8877-17F32416DB84}"
EndProject
Project("{9A19103F-16F7-4668-BE54-9A1E7A4F7556}") = "Tyuiu.GairabekovMR.Sprint0.Task6.V0.Test", "Tyuiu.GairabekovMR.Sprint0.Task6.V0.Test\Tyuiu.GairabekovMR.Sprint0.Task6.V0.Test.csproj", "{56D80A01-CD33-46E3-87EA-59C1CF42CE28}"
EndProject
Project("{9A19103F-16F7-4668-BE54-9A1E7A4F7556}") = "Tyuiu.GairabekovMR.Sprint0.Task6.V0.Lib", "Tyuiu.GairabekovMR.Sprint0.Task6.V0.Lib\Tyuiu.GairabekovMR.Sprint0.Task6.V0.Lib.csproj", "{85BA2465-6B47-42B2-B2FD-AEF82AF26CB0}"
EndProject
Project("{2150E333-8FDC-42A3-9474-1A3956D46DE8}") = "Task7", "Task7", "{B0EE93C4-2E36-49B0-B89A-5291B513320D}"
EndProject
Project("{FAE04EC0-301F-11D3-BF4B-00C04F79EFBC}") = "Tyuiu.GairabekovMR.Sprint0.Task7.V0", "Tyuiu.GairabekovMR.Sprint0.Task7.V0\Tyuiu.GairabekovMR.Sprint0.Task7.V0.csproj", "{A8FA9CDF-E1B1-4932-9031-9F7FB9FF5804}"
EndProject
Project("{FAE04EC0-301F-11D3-BF4B-00C04F79EFBC}") = "Tyuiu.GairabekovMR.Sprint0.Task7.V0.Lib", "Tyuiu.GairabekovMR.Sprint0.Task7.V0.Lib\Tyuiu.GairabekovMR.Sprint0.Task7.V0.Lib.csproj", "{5FA1CA55-6F92-4999-B67C-D8D4F53FF065}"
EndProject
Project("{FAE04EC0-301F-11D3-BF4B-00C04F79EFBC}") = "Tyuiu.GairabekovMR.Sprint0.Task7.V0.Test", "Tyuiu.GairabekovMR.Sprint0.Task7.V0.Test\Tyuiu.GairabekovMR.Sprint0.Task7.V0.Test.csproj", "{408CE6B4-ABAF-4206-9247-B9FF8F74093F}"
EndProject
Global
	GlobalSection(SolutionConfigurationPlatforms) = preSolution
		Debug|Any CPU = Debug|Any CPU
		Release|Any CPU = Release|Any CPU
	EndGlobalSection
	GlobalSection(ProjectConfigurationPlatforms) = postSolution
		{8C256FD8-8A72-4AE8-A65C-38BA07A36AEA}.Debug|Any CPU.ActiveCfg = Debug|Any CPU
		{8C256FD8-8A72-4AE8-A65C-38BA07A36AEA}.Debug|Any CPU.Build.0 = Debug|Any CPU
		{8C256FD8-8A72-4AE8-A65C-38BA07A36AEA}.Release|Any CPU.ActiveCfg = Release|Any CPU
		{8C256FD8-8A72-4AE8-A65C-38BA07A36AEA}.Release|Any CPU.Build.0 = Release|Any CPU
		{C7C1CD47-AF2B-406D-B232-DB06BC64977F}.Debug|Any CPU.ActiveCfg = Debug|Any CPU
		{C7C1CD47-AF2B-406D-B232-DB06BC64977F}.Debug|Any CPU.Build.0 = Debug|Any CPU
		{C7C1CD47-AF2B-406D-B232-DB06BC64977F}.Release|Any CPU.ActiveCfg = Release|Any CPU
		{C7C1CD47-AF2B-406D-B232-DB06BC64977F}.Release|Any CPU.Build.0 = Release|Any CPU
		{FEE2A3C0-CAD5-4FEC-AEE0-27DA9C5CB734}.Debug|Any CPU.ActiveCfg = Debug|Any CPU
		{FEE2A3C0-CAD5-4FEC-AEE0-27DA9C5CB734}.Debug|Any CPU.Build.0 = Debug|Any CPU
		{FEE2A3C0-CAD5-4FEC-AEE0-27DA9C5CB734}.Release|Any CPU.ActiveCfg = Release|Any CPU
		{FEE2A3C0-CAD5-4FEC-AEE0-27DA9C5CB734}.Release|Any CPU.Build.0 = Release|Any CPU
		{574406DC-9EEB-43CA-BEEF-AEFC400CC4FD}.Debug|Any CPU.ActiveCfg = Debug|Any CPU
		{574406DC-9EEB-43CA-BEEF-AEFC400CC4FD}.Debug|Any CPU.Build.0 = Debug|Any CPU
		{574406DC-9EEB-43CA-BEEF-AEFC400CC4FD}.Release|Any CPU.ActiveCfg = Release|Any CPU
		{574406DC-9EEB-43CA-BEEF-AEFC400CC4FD}.Release|Any CPU.Build.0 = Release|Any CPU
		{D0BC7128-B118-48DD-ADE2-4A840564AC4A}.Debug|Any CPU.ActiveCfg = Debug|Any CPU
		{D0BC7128-B118-48DD-ADE2-4A840564AC4A}.Debug|Any CPU.Build.0 = Debug|Any CPU
		{D0BC7128-B118-48DD-ADE2-4A840564AC4A}.Release|Any CPU.ActiveCfg = Release|Any CPU
		{D0BC7128-B118-48DD-ADE2-4A840564AC4A}.Release|Any CPU.Build.0 = Release|Any CPU
		{0C064DEE-24D2-4387-ACAD-B2B1064ACDCD}.Debug|Any CPU.ActiveCfg = Debug|Any CPU
		{0C064DEE-24D2-4387-ACAD-B2B1064ACDCD}.Debug|Any CPU.Build.0 = Debug|Any CPU
		{0C064DEE-24D2-4387-ACAD-B2B1064ACDCD}.Release|Any CPU.ActiveCfg = Release|Any CPU
		{0C064DEE-24D2-4387-ACAD-B2B1064ACDCD}.Release|Any CPU.Build.0 = Release|Any CPU
		{EDD53080-1D63-4785-9909-33806F7B25DB}.Debug|Any CPU.ActiveCfg = Debug|Any CPU
		{EDD53080-1D63-4785-9909-33806F7B25DB}.Debug|Any CPU.Build.0 = Debug|Any CPU
		{EDD53080-1D63-4785-9909-33806F7B25DB}.Release|Any CPU.ActiveCfg = Release|Any CPU
		{EDD53080-1D63-4785-9909-33806F7B25DB}.Release|Any CPU.Build.0 = Release|Any CPU
		{EC883F11-ED3D-4ADA-B89E-1A517512A5C5}.Debug|Any CPU.ActiveCfg = Debug|Any CPU
		{EC883F11-ED3D-4ADA-B89E-1A517512A5C5}.Debug|Any CPU.Build.0 = Debug|Any CPU
		{EC883F11-ED3D-4ADA-B89E-1A517512A5C5}.Release|Any CPU.ActiveCfg = Release|Any CPU
		{EC883F11-ED3D-4ADA-B89E-1A517512A5C5}.Release|Any CPU.Build.0 = Release|Any CPU
		{E0AB9776-7127-45FC-AE77-4E1A9A18F8C0}.Debug|Any CPU.ActiveCfg = Debug|Any CPU
		{E0AB9776-7127-45FC-AE77-4E1A9A18F8C0}.Debug|Any CPU.Build.0 = Debug|Any CPU
		{E0AB9776-7127-45FC-AE77-4E1A9A18F8C0}.Release|Any CPU.ActiveCfg = Release|Any CPU
		{E0AB9776-7127-45FC-AE77-4E1A9A18F8C0}.Release|Any CPU.Build.0 = Release|Any CPU
		{3C34E28F-B9BA-4ED4-99D2-7C7946FA0736}.Debug|Any CPU.ActiveCfg = Debug|Any CPU
		{3C34E28F-B9BA-4ED4-99D2-7C7946FA0736}.Debug|Any CPU.Build.0 = Debug|Any CPU
		{3C34E28F-B9BA-4ED4-99D2-7C7946FA0736}.Release|Any CPU.ActiveCfg = Release|Any CPU
		{3C34E28F-B9BA-4ED4-99D2-7C7946FA0736}.Release|Any CPU.Build.0 = Release|Any CPU
		{C5ADBFF4-8BA5-4A01-A333-EA482BC07F1D}.Debug|Any CPU.ActiveCfg = Debug|Any CPU
		{C5ADBFF4-8BA5-4A01-A333-EA482BC07F1D}.Debug|Any CPU.Build.0 = Debug|Any CPU
		{C5ADBFF4-8BA5-4A01-A333-EA482BC07F1D}.Release|Any CPU.ActiveCfg = Release|Any CPU
		{C5ADBFF4-8BA5-4A01-A333-EA482BC07F1D}.Release|Any CPU.Build.0 = Release|Any CPU
		{B0754540-F4FC-42A7-8F9B-0E78FA272CA1}.Debug|Any CPU.ActiveCfg = Debug|Any CPU
		{B0754540-F4FC-42A7-8F9B-0E78FA272CA1}.Debug|Any CPU.Build.0 = Debug|Any CPU
		{B0754540-F4FC-42A7-8F9B-0E78FA272CA1}.Release|Any CPU.ActiveCfg = Release|Any CPU
		{B0754540-F4FC-42A7-8F9B-0E78FA272CA1}.Release|Any CPU.Build.0 = Release|Any CPU
		{5EBAB762-75B7-4E99-8FF9-9E0737FAE615}.Debug|Any CPU.ActiveCfg = Debug|Any CPU
		{5EBAB762-75B7-4E99-8FF9-9E0737FAE615}.Debug|Any CPU.Build.0 = Debug|Any CPU
		{5EBAB762-75B7-4E99-8FF9-9E0737FAE615}.Release|Any CPU.ActiveCfg = Release|Any CPU
		{5EBAB762-75B7-4E99-8FF9-9E0737FAE615}.Release|Any CPU.Build.0 = Release|Any CPU
		{2C827F79-B003-4745-9CD0-414F4B9E2141}.Debug|Any CPU.ActiveCfg = Debug|Any CPU
		{2C827F79-B003-4745-9CD0-414F4B9E2141}.Debug|Any CPU.Build.0 = Debug|Any CPU
		{2C827F79-B003-4745-9CD0-414F4B9E2141}.Release|Any CPU.ActiveCfg = Release|Any CPU
		{2C827F79-B003-4745-9CD0-414F4B9E2141}.Release|Any CPU.Build.0 = Release|Any CPU
		{B6A38356-F357-43CB-8877-17F32416DB84}.Debug|Any CPU.ActiveCfg = Debug|Any CPU
		{B6A38356-F357-43CB-8877-17F32416DB84}.Debug|Any CPU.Build.0 = Debug|Any CPU
		{B6A38356-F357-43CB-8877-17F32416DB84}.Release|Any CPU.ActiveCfg = Release|Any CPU
		{B6A38356-F357-43CB-8877-17F32416DB84}.Release|Any CPU.Build.0 = Release|Any CPU
		{56D80A01-CD33-46E3-87EA-59C1CF42CE28}.Debug|Any CPU.ActiveCfg = Debug|Any CPU
		{56D80A01-CD33-46E3-87EA-59C1CF42CE28}.Debug|Any CPU.Build.0 = Debug|Any CPU
		{56D80A01-CD33-46E3-87EA-59C1CF42CE28}.Release|Any CPU.ActiveCfg = Release|Any CPU
		{56D80A01-CD33-46E3-87EA-59C1CF42CE28}.Release|Any CPU.Build.0 = Release|Any CPU
		{85BA2465-6B47-42B2-B2FD-AEF82AF26CB0}.Debug|Any CPU.ActiveCfg = Debug|Any CPU
		{85BA2465-6B47-42B2-B2FD-AEF82AF26CB0}.Debug|Any CPU.Build.0 = Debug|Any CPU
		{85BA2465-6B47-42B2-B2FD-AEF82AF26CB0}.Release|Any CPU.ActiveCfg = Release|Any CPU
		{85BA2465-6B47-42B2-B2FD-AEF82AF26CB0}.Release|Any CPU.Build.0 = Release|Any CPU
		{A8FA9CDF-E1B1-4932-9031-9F7FB9FF5804}.Debug|Any CPU.ActiveCfg = Debug|Any CPU
		{A8FA9CDF-E1B1-4932-9031-9F7FB9FF5804}.Debug|Any CPU.Build.0 = Debug|Any CPU
		{A8FA9CDF-E1B1-4932-9031-9F7FB9FF5804}.Release|Any CPU.ActiveCfg = Release|Any CPU
		{A8FA9CDF-E1B1-4932-9031-9F7FB9FF5804}.Release|Any CPU.Build.0 = Release|Any CPU
		{5FA1CA55-6F92-4999-B67C-D8D4F53FF065}.Debug|Any CPU.ActiveCfg = Debug|Any CPU
		{5FA1CA55-6F92-4999-B67C-D8D4F53FF065}.Debug|Any CPU.Build.0 = Debug|Any CPU
		{5FA1CA55-6F92-4999-B67C-D8D4F53FF065}.Release|Any CPU.ActiveCfg = Release|Any CPU
		{5FA1CA55-6F92-4999-B67C-D8D4F53FF065}.Release|Any CPU.Build.0 = Release|Any CPU
		{408CE6B4-ABAF-4206-9247-B9FF8F74093F}.Debug|Any CPU.ActiveCfg = Debug|Any CPU
		{408CE6B4-ABAF-4206-9247-B9FF8F74093F}.Debug|Any CPU.Build.0 = Debug|Any CPU
		{408CE6B4-ABAF-4206-9247-B9FF8F74093F}.Release|Any CPU.ActiveCfg = Release|Any CPU
		{408CE6B4-ABAF-4206-9247-B9FF8F74093F}.Release|Any CPU.Build.0 = Release|Any CPU
	EndGlobalSection
	GlobalSection(SolutionProperties) = preSolution
		HideSolutionNode = FALSE
	EndGlobalSection
	GlobalSection(NestedProjects) = preSolution
		{8C256FD8-8A72-4AE8-A65C-38BA07A36AEA} = {52E4CB0A-2EA2-4CE2-AECE-B68D193EE3CE}
		{C7C1CD47-AF2B-406D-B232-DB06BC64977F} = {47CC048E-D3CD-4519-AB8B-5852CFB1CEBC}
		{FEE2A3C0-CAD5-4FEC-AEE0-27DA9C5CB734} = {8CBA0D48-0480-4C9A-9882-6204928C7567}
		{574406DC-9EEB-43CA-BEEF-AEFC400CC4FD} = {8CBA0D48-0480-4C9A-9882-6204928C7567}
		{D0BC7128-B118-48DD-ADE2-4A840564AC4A} = {8CBA0D48-0480-4C9A-9882-6204928C7567}
		{0C064DEE-24D2-4387-ACAD-B2B1064ACDCD} = {FFA571F2-C1B5-48D2-9D64-E018B75C738A}
		{EDD53080-1D63-4785-9909-33806F7B25DB} = {FFA571F2-C1B5-48D2-9D64-E018B75C738A}
		{EC883F11-ED3D-4ADA-B89E-1A517512A5C5} = {FFA571F2-C1B5-48D2-9D64-E018B75C738A}
		{E0AB9776-7127-45FC-AE77-4E1A9A18F8C0} = {0950DEA9-1219-4F72-AFAA-FBCF964A4EB2}
		{3C34E28F-B9BA-4ED4-99D2-7C7946FA0736} = {0950DEA9-1219-4F72-AFAA-FBCF964A4EB2}
		{C5ADBFF4-8BA5-4A01-A333-EA482BC07F1D} = {0950DEA9-1219-4F72-AFAA-FBCF964A4EB2}
		{B0754540-F4FC-42A7-8F9B-0E78FA272CA1} = {DE7A7180-81F5-41D6-AA9F-1C5E4F5A730F}
		{5EBAB762-75B7-4E99-8FF9-9E0737FAE615} = {DE7A7180-81F5-41D6-AA9F-1C5E4F5A730F}
		{2C827F79-B003-4745-9CD0-414F4B9E2141} = {DE7A7180-81F5-41D6-AA9F-1C5E4F5A730F}
		{B6A38356-F357-43CB-8877-17F32416DB84} = {52332E8E-F2F6-40F4-9343-A8BC3B848E4E}
		{56D80A01-CD33-46E3-87EA-59C1CF42CE28} = {52332E8E-F2F6-40F4-9343-A8BC3B848E4E}
		{85BA2465-6B47-42B2-B2FD-AEF82AF26CB0} = {52332E8E-F2F6-40F4-9343-A8BC3B848E4E}
		{A8FA9CDF-E1B1-4932-9031-9F7FB9FF5804} = {B0EE93C4-2E36-49B0-B89A-5291B513320D}
		{5FA1CA55-6F92-4999-B67C-D8D4F53FF065} = {B0EE93C4-2E36-49B0-B89A-5291B513320D}
		{408CE6B4-ABAF-4206-9247-B9FF8F74093F} = {B0EE93C4-2E36-49B0-B89A-5291B513320D}
	EndGlobalSection
	GlobalSection(ExtensibilityGlobals) = postSolution
		SolutionGuid = {773FC8CF-1EA1-40DA-83F0-F4E5D4927FA7}
	EndGlobalSection
EndGlobal
